
Microsoft Visual Studio Solution File, Format Version 12.00
# Visual Studio 15
VisualStudioVersion = 15.0.26430.14
MinimumVisualStudioVersion = 10.0.40219.1
Project("{FAE04EC0-301F-11D3-BF4B-00C04F79EFBC}") = "VendingApp", "VendingApp\VendingApp.csproj", "{B0D18121-A984-45E7-9FFD-9D446FA9D148}"
EndProject
Project("{FAE04EC0-301F-11D3-BF4B-00C04F79EFBC}") = "UnitTestProject1", "UnitTestProject1\UnitTestProject1.csproj", "{58EC4190-4379-4892-A23D-34AB1BDA5E7F}"
EndProject
Project("{2150E333-8FDC-42A3-9474-1A3956D46DE8}") = "Solution Items", "Solution Items", "{E84FC9BE-BFDC-4B5D-89D9-A6CB123DEE5E}"
EndProject
Global
	GlobalSection(SolutionConfigurationPlatforms) = preSolution
		Debug|Any CPU = Debug|Any CPU
		Release|Any CPU = Release|Any CPU
	EndGlobalSection
	GlobalSection(ProjectConfigurationPlatforms) = postSolution
		{B0D18121-A984-45E7-9FFD-9D446FA9D148}.Debug|Any CPU.ActiveCfg = Debug|Any CPU
		{B0D18121-A984-45E7-9FFD-9D446FA9D148}.Debug|Any CPU.Build.0 = Debug|Any CPU
		{B0D18121-A984-45E7-9FFD-9D446FA9D148}.Release|Any CPU.ActiveCfg = Release|Any CPU
		{B0D18121-A984-45E7-9FFD-9D446FA9D148}.Release|Any CPU.Build.0 = Release|Any CPU
		{58EC4190-4379-4892-A23D-34AB1BDA5E7F}.Debug|Any CPU.ActiveCfg = Debug|Any CPU
		{58EC4190-4379-4892-A23D-34AB1BDA5E7F}.Debug|Any CPU.Build.0 = Debug|Any CPU
		{58EC4190-4379-4892-A23D-34AB1BDA5E7F}.Release|Any CPU.ActiveCfg = Release|Any CPU
		{58EC4190-4379-4892-A23D-34AB1BDA5E7F}.Release|Any CPU.Build.0 = Release|Any CPU
	EndGlobalSection
	GlobalSection(SolutionProperties) = preSolution
		HideSolutionNode = FALSE
	EndGlobalSection
EndGlobal
